
Microsoft Visual Studio Solution File, Format Version 12.00
# Visual Studio 15
VisualStudioVersion = 15.0.27004.2008
MinimumVisualStudioVersion = 10.0.40219.1
Project("{FAE04EC0-301F-11D3-BF4B-00C04F79EFBC}") = "RFID_EX_ETC_Client", "RFID_EX_ETC_Client\RFID_EX_ETC_Client.csproj", "{28529670-4FFC-4A8E-A517-942445B1653D}"
EndProject
Project("{FAE04EC0-301F-11D3-BF4B-00C04F79EFBC}") = "AppUnitTest", "AppUnitTest\AppUnitTest.csproj", "{48961EEA-BF39-4E59-9ABE-9D61FAE47C06}"
EndProject
Global
	GlobalSection(SolutionConfigurationPlatforms) = preSolution
		Debug|Any CPU = Debug|Any CPU
		Release|Any CPU = Release|Any CPU
	EndGlobalSection
	GlobalSection(ProjectConfigurationPlatforms) = postSolution
		{28529670-4FFC-4A8E-A517-942445B1653D}.Debug|Any CPU.ActiveCfg = Debug|Any CPU
		{28529670-4FFC-4A8E-A517-942445B1653D}.Debug|Any CPU.Build.0 = Debug|Any CPU
		{28529670-4FFC-4A8E-A517-942445B1653D}.Release|Any CPU.ActiveCfg = Release|Any CPU
		{28529670-4FFC-4A8E-A517-942445B1653D}.Release|Any CPU.Build.0 = Release|Any CPU
		{48961EEA-BF39-4E59-9ABE-9D61FAE47C06}.Debug|Any CPU.ActiveCfg = Debug|Any CPU
		{48961EEA-BF39-4E59-9ABE-9D61FAE47C06}.Debug|Any CPU.Build.0 = Debug|Any CPU
		{48961EEA-BF39-4E59-9ABE-9D61FAE47C06}.Release|Any CPU.ActiveCfg = Release|Any CPU
		{48961EEA-BF39-4E59-9ABE-9D61FAE47C06}.Release|Any CPU.Build.0 = Release|Any CPU
	EndGlobalSection
	GlobalSection(SolutionProperties) = preSolution
		HideSolutionNode = FALSE
	EndGlobalSection
	GlobalSection(ExtensibilityGlobals) = postSolution
		SolutionGuid = {C4EFAEBF-6963-42B9-B4CB-D563BB1A679E}
	EndGlobalSection
EndGlobal
